// !$*UTF8*$!
{
	archiveVersion = 1;
	classes = {
	};
	objectVersion = 56;
	objects = {

/* Begin PBXBuildFile section */
		F671FD872ADC53D900D9458E /* EditListRowView.swift in Sources */ = {isa = PBXBuildFile; fileRef = F671FD862ADC53D900D9458E /* EditListRowView.swift */; };
		F671FD892ADCE0D500D9458E /* NotificationManager.swift in Sources */ = {isa = PBXBuildFile; fileRef = F671FD882ADCE0D500D9458E /* NotificationManager.swift */; };
		F671FD8B2ADD091C00D9458E /* MainMenuOptions.swift in Sources */ = {isa = PBXBuildFile; fileRef = F671FD8A2ADD091C00D9458E /* MainMenuOptions.swift */; };
		F671FD8D2ADD19CA00D9458E /* PomoView.swift in Sources */ = {isa = PBXBuildFile; fileRef = F671FD8C2ADD19CA00D9458E /* PomoView.swift */; };
		F671FD8F2ADDC9E800D9458E /* PomoViewModel.swift in Sources */ = {isa = PBXBuildFile; fileRef = F671FD8E2ADDC9E800D9458E /* PomoViewModel.swift */; };
		F6741CAD2BFBAD1A007EBBF2 /* Ext+Color.swift in Sources */ = {isa = PBXBuildFile; fileRef = F6741CAC2BFBAD1A007EBBF2 /* Ext+Color.swift */; };
		F677C0DD2C05568A00552894 /* FirebaseAnalytics in Frameworks */ = {isa = PBXBuildFile; productRef = F677C0DC2C05568A00552894 /* FirebaseAnalytics */; };
		F677C0DF2C05568A00552894 /* FirebaseAnalyticsSwift in Frameworks */ = {isa = PBXBuildFile; productRef = F677C0DE2C05568A00552894 /* FirebaseAnalyticsSwift */; };
		F677C0E22C05598700552894 /* FirebaseAuth in Frameworks */ = {isa = PBXBuildFile; productRef = F677C0E12C05598700552894 /* FirebaseAuth */; };
		F677C0E42C0559E500552894 /* AccountView.swift in Sources */ = {isa = PBXBuildFile; fileRef = F677C0E32C0559E500552894 /* AccountView.swift */; };
		F677C0E72C055AEB00552894 /* SignInEmailView.swift in Sources */ = {isa = PBXBuildFile; fileRef = F677C0E62C055AEB00552894 /* SignInEmailView.swift */; };
		F677C0E92C055CF200552894 /* AuthenticationManager.swift in Sources */ = {isa = PBXBuildFile; fileRef = F677C0E82C055CF200552894 /* AuthenticationManager.swift */; };
		F677C0EB2C05733400552894 /* SignedInView.swift in Sources */ = {isa = PBXBuildFile; fileRef = F677C0EA2C05733400552894 /* SignedInView.swift */; };
		F677C0ED2C05856900552894 /* SignInEmailViewModel.swift in Sources */ = {isa = PBXBuildFile; fileRef = F677C0EC2C05856900552894 /* SignInEmailViewModel.swift */; };
		F677C0EF2C06A08400552894 /* UpdateEmailView.swift in Sources */ = {isa = PBXBuildFile; fileRef = F677C0EE2C06A08400552894 /* UpdateEmailView.swift */; };
		F677C0F12C06BB3500552894 /* GoogleService-Info.plist in Resources */ = {isa = PBXBuildFile; fileRef = F677C0F02C06BB3500552894 /* GoogleService-Info.plist */; };
		F677C0F42C06BC0900552894 /* GoogleSignIn in Frameworks */ = {isa = PBXBuildFile; productRef = F677C0F32C06BC0900552894 /* GoogleSignIn */; };
		F677C0F62C06BC0900552894 /* GoogleSignInSwift in Frameworks */ = {isa = PBXBuildFile; productRef = F677C0F52C06BC0900552894 /* GoogleSignInSwift */; };
		F677C0F82C06C2D900552894 /* Ext+UIApplication.swift in Sources */ = {isa = PBXBuildFile; fileRef = F677C0F72C06C2D900552894 /* Ext+UIApplication.swift */; };
		F67DAADF2B7060350096FD02 /* ListModel.swift in Sources */ = {isa = PBXBuildFile; fileRef = F67DAADE2B7060350096FD02 /* ListModel.swift */; };
		F695F46C2AC10870004B2EFD /* CortexApp.swift in Sources */ = {isa = PBXBuildFile; fileRef = F695F46B2AC10870004B2EFD /* CortexApp.swift */; };
		F695F46E2AC10870004B2EFD /* ContentView.swift in Sources */ = {isa = PBXBuildFile; fileRef = F695F46D2AC10870004B2EFD /* ContentView.swift */; };
		F695F4722AC10871004B2EFD /* Assets.xcassets in Resources */ = {isa = PBXBuildFile; fileRef = F695F4712AC10871004B2EFD /* Assets.xcassets */; };
		F695F4752AC10871004B2EFD /* Preview Assets.xcassets in Resources */ = {isa = PBXBuildFile; fileRef = F695F4742AC10871004B2EFD /* Preview Assets.xcassets */; };
		F695F4812AC26A22004B2EFD /* ListView.swift in Sources */ = {isa = PBXBuildFile; fileRef = F695F4802AC26A22004B2EFD /* ListView.swift */; };
		F695F4832AC26DA2004B2EFD /* ListRowView.swift in Sources */ = {isa = PBXBuildFile; fileRef = F695F4822AC26DA2004B2EFD /* ListRowView.swift */; };
		F695F4852AC26F6F004B2EFD /* AddView.swift in Sources */ = {isa = PBXBuildFile; fileRef = F695F4842AC26F6F004B2EFD /* AddView.swift */; };
		F695F4882AC27C5D004B2EFD /* ItemModel.swift in Sources */ = {isa = PBXBuildFile; fileRef = F695F4872AC27C5D004B2EFD /* ItemModel.swift */; };
		F695F48B2AC34B27004B2EFD /* CortexViewModel.swift in Sources */ = {isa = PBXBuildFile; fileRef = F695F48A2AC34B27004B2EFD /* CortexViewModel.swift */; };
/* End PBXBuildFile section */

/* Begin PBXFileReference section */
		F671FD862ADC53D900D9458E /* EditListRowView.swift */ = {isa = PBXFileReference; lastKnownFileType = sourcecode.swift; path = EditListRowView.swift; sourceTree = "<group>"; };
		F671FD882ADCE0D500D9458E /* NotificationManager.swift */ = {isa = PBXFileReference; lastKnownFileType = sourcecode.swift; path = NotificationManager.swift; sourceTree = "<group>"; };
		F671FD8A2ADD091C00D9458E /* MainMenuOptions.swift */ = {isa = PBXFileReference; lastKnownFileType = sourcecode.swift; path = MainMenuOptions.swift; sourceTree = "<group>"; };
		F671FD8C2ADD19CA00D9458E /* PomoView.swift */ = {isa = PBXFileReference; lastKnownFileType = sourcecode.swift; path = PomoView.swift; sourceTree = "<group>"; };
		F671FD8E2ADDC9E800D9458E /* PomoViewModel.swift */ = {isa = PBXFileReference; lastKnownFileType = sourcecode.swift; path = PomoViewModel.swift; sourceTree = "<group>"; };
		F6741CAC2BFBAD1A007EBBF2 /* Ext+Color.swift */ = {isa = PBXFileReference; lastKnownFileType = sourcecode.swift; path = "Ext+Color.swift"; sourceTree = "<group>"; };
		F677C0E32C0559E500552894 /* AccountView.swift */ = {isa = PBXFileReference; lastKnownFileType = sourcecode.swift; path = AccountView.swift; sourceTree = "<group>"; };
		F677C0E62C055AEB00552894 /* SignInEmailView.swift */ = {isa = PBXFileReference; lastKnownFileType = sourcecode.swift; path = SignInEmailView.swift; sourceTree = "<group>"; };
		F677C0E82C055CF200552894 /* AuthenticationManager.swift */ = {isa = PBXFileReference; lastKnownFileType = sourcecode.swift; path = AuthenticationManager.swift; sourceTree = "<group>"; };
		F677C0EA2C05733400552894 /* SignedInView.swift */ = {isa = PBXFileReference; lastKnownFileType = sourcecode.swift; path = SignedInView.swift; sourceTree = "<group>"; };
		F677C0EC2C05856900552894 /* SignInEmailViewModel.swift */ = {isa = PBXFileReference; lastKnownFileType = sourcecode.swift; path = SignInEmailViewModel.swift; sourceTree = "<group>"; };
		F677C0EE2C06A08400552894 /* UpdateEmailView.swift */ = {isa = PBXFileReference; lastKnownFileType = sourcecode.swift; path = UpdateEmailView.swift; sourceTree = "<group>"; };
		F677C0F02C06BB3500552894 /* GoogleService-Info.plist */ = {isa = PBXFileReference; fileEncoding = 4; lastKnownFileType = text.plist.xml; name = "GoogleService-Info.plist"; path = "../../../Downloads/GoogleService-Info.plist"; sourceTree = "<group>"; };
		F677C0F72C06C2D900552894 /* Ext+UIApplication.swift */ = {isa = PBXFileReference; lastKnownFileType = sourcecode.swift; path = "Ext+UIApplication.swift"; sourceTree = "<group>"; };
		F67DAADC2B6F36060096FD02 /* Info.plist */ = {isa = PBXFileReference; lastKnownFileType = text.plist; path = Info.plist; sourceTree = "<group>"; };
		F67DAADE2B7060350096FD02 /* ListModel.swift */ = {isa = PBXFileReference; lastKnownFileType = sourcecode.swift; path = ListModel.swift; sourceTree = "<group>"; };
		F695F4682AC10870004B2EFD /* Cortex.app */ = {isa = PBXFileReference; explicitFileType = wrapper.application; includeInIndex = 0; path = Cortex.app; sourceTree = BUILT_PRODUCTS_DIR; };
		F695F46B2AC10870004B2EFD /* CortexApp.swift */ = {isa = PBXFileReference; lastKnownFileType = sourcecode.swift; path = CortexApp.swift; sourceTree = "<group>"; };
		F695F46D2AC10870004B2EFD /* ContentView.swift */ = {isa = PBXFileReference; lastKnownFileType = sourcecode.swift; path = ContentView.swift; sourceTree = "<group>"; };
		F695F4712AC10871004B2EFD /* Assets.xcassets */ = {isa = PBXFileReference; lastKnownFileType = folder.assetcatalog; path = Assets.xcassets; sourceTree = "<group>"; };
		F695F4742AC10871004B2EFD /* Preview Assets.xcassets */ = {isa = PBXFileReference; lastKnownFileType = folder.assetcatalog; path = "Preview Assets.xcassets"; sourceTree = "<group>"; };
		F695F4802AC26A22004B2EFD /* ListView.swift */ = {isa = PBXFileReference; lastKnownFileType = sourcecode.swift; path = ListView.swift; sourceTree = "<group>"; };
		F695F4822AC26DA2004B2EFD /* ListRowView.swift */ = {isa = PBXFileReference; lastKnownFileType = sourcecode.swift; path = ListRowView.swift; sourceTree = "<group>"; };
		F695F4842AC26F6F004B2EFD /* AddView.swift */ = {isa = PBXFileReference; lastKnownFileType = sourcecode.swift; path = AddView.swift; sourceTree = "<group>"; };
		F695F4872AC27C5D004B2EFD /* ItemModel.swift */ = {isa = PBXFileReference; lastKnownFileType = sourcecode.swift; path = ItemModel.swift; sourceTree = "<group>"; };
		F695F48A2AC34B27004B2EFD /* CortexViewModel.swift */ = {isa = PBXFileReference; lastKnownFileType = sourcecode.swift; path = CortexViewModel.swift; sourceTree = "<group>"; };
/* End PBXFileReference section */

/* Begin PBXFrameworksBuildPhase section */
		F695F4652AC10870004B2EFD /* Frameworks */ = {
			isa = PBXFrameworksBuildPhase;
			buildActionMask = 2147483647;
			files = (
				F677C0F62C06BC0900552894 /* GoogleSignInSwift in Frameworks */,
				F677C0DF2C05568A00552894 /* FirebaseAnalyticsSwift in Frameworks */,
				F677C0F42C06BC0900552894 /* GoogleSignIn in Frameworks */,
				F677C0E22C05598700552894 /* FirebaseAuth in Frameworks */,
				F677C0DD2C05568A00552894 /* FirebaseAnalytics in Frameworks */,
			);
			runOnlyForDeploymentPostprocessing = 0;
		};
/* End PBXFrameworksBuildPhase section */

/* Begin PBXGroup section */
		F677C0E02C05598700552894 /* Frameworks */ = {
			isa = PBXGroup;
			children = (
			);
			name = Frameworks;
			sourceTree = "<group>";
		};
		F677C0E52C055ACC00552894 /* Accounts */ = {
			isa = PBXGroup;
			children = (
				F677C0E32C0559E500552894 /* AccountView.swift */,
				F677C0E62C055AEB00552894 /* SignInEmailView.swift */,
				F677C0EA2C05733400552894 /* SignedInView.swift */,
				F677C0EE2C06A08400552894 /* UpdateEmailView.swift */,
			);
			path = Accounts;
			sourceTree = "<group>";
		};
		F67DAADD2B6F63D90096FD02 /* Utils */ = {
			isa = PBXGroup;
			children = (
				F671FD8A2ADD091C00D9458E /* MainMenuOptions.swift */,
				F671FD882ADCE0D500D9458E /* NotificationManager.swift */,
				F6741CAC2BFBAD1A007EBBF2 /* Ext+Color.swift */,
				F677C0F72C06C2D900552894 /* Ext+UIApplication.swift */,
			);
			path = Utils;
			sourceTree = "<group>";
		};
		F695F45F2AC10870004B2EFD = {
			isa = PBXGroup;
			children = (
				F695F46A2AC10870004B2EFD /* Cortex */,
				F695F4692AC10870004B2EFD /* Products */,
				F677C0E02C05598700552894 /* Frameworks */,
			);
			sourceTree = "<group>";
		};
		F695F4692AC10870004B2EFD /* Products */ = {
			isa = PBXGroup;
			children = (
				F695F4682AC10870004B2EFD /* Cortex.app */,
			);
			name = Products;
			sourceTree = "<group>";
		};
		F695F46A2AC10870004B2EFD /* Cortex */ = {
			isa = PBXGroup;
			children = (
				F695F46B2AC10870004B2EFD /* CortexApp.swift */,
				F695F47F2AC26A0B004B2EFD /* Views */,
				F695F4862AC27C41004B2EFD /* Models */,
				F695F4892AC34A62004B2EFD /* ViewModel */,
				F67DAADD2B6F63D90096FD02 /* Utils */,
				F67DAADC2B6F36060096FD02 /* Info.plist */,
				F677C0F02C06BB3500552894 /* GoogleService-Info.plist */,
				F695F4712AC10871004B2EFD /* Assets.xcassets */,
				F695F4732AC10871004B2EFD /* Preview Content */,
			);
			path = Cortex;
			sourceTree = "<group>";
		};
		F695F4732AC10871004B2EFD /* Preview Content */ = {
			isa = PBXGroup;
			children = (
				F695F4742AC10871004B2EFD /* Preview Assets.xcassets */,
			);
			path = "Preview Content";
			sourceTree = "<group>";
		};
		F695F47F2AC26A0B004B2EFD /* Views */ = {
			isa = PBXGroup;
			children = (
				F677C0E52C055ACC00552894 /* Accounts */,
				F695F46D2AC10870004B2EFD /* ContentView.swift */,
				F671FD8C2ADD19CA00D9458E /* PomoView.swift */,
				F695F4802AC26A22004B2EFD /* ListView.swift */,
				F695F4822AC26DA2004B2EFD /* ListRowView.swift */,
				F671FD862ADC53D900D9458E /* EditListRowView.swift */,
				F695F4842AC26F6F004B2EFD /* AddView.swift */,
			);
			path = Views;
			sourceTree = "<group>";
		};
		F695F4862AC27C41004B2EFD /* Models */ = {
			isa = PBXGroup;
			children = (
				F695F4872AC27C5D004B2EFD /* ItemModel.swift */,
				F67DAADE2B7060350096FD02 /* ListModel.swift */,
			);
			path = Models;
			sourceTree = "<group>";
		};
		F695F4892AC34A62004B2EFD /* ViewModel */ = {
			isa = PBXGroup;
			children = (
				F671FD8E2ADDC9E800D9458E /* PomoViewModel.swift */,
				F695F48A2AC34B27004B2EFD /* CortexViewModel.swift */,
				F677C0E82C055CF200552894 /* AuthenticationManager.swift */,
				F677C0EC2C05856900552894 /* SignInEmailViewModel.swift */,
			);
			path = ViewModel;
			sourceTree = "<group>";
		};
/* End PBXGroup section */

/* Begin PBXNativeTarget section */
		F695F4672AC10870004B2EFD /* Cortex */ = {
			isa = PBXNativeTarget;
			buildConfigurationList = F695F4782AC10871004B2EFD /* Build configuration list for PBXNativeTarget "Cortex" */;
			buildPhases = (
				F695F4642AC10870004B2EFD /* Sources */,
				F695F4652AC10870004B2EFD /* Frameworks */,
				F695F4662AC10870004B2EFD /* Resources */,
			);
			buildRules = (
			);
			dependencies = (
			);
			name = Cortex;
			packageProductDependencies = (
				F677C0DC2C05568A00552894 /* FirebaseAnalytics */,
				F677C0DE2C05568A00552894 /* FirebaseAnalyticsSwift */,
				F677C0E12C05598700552894 /* FirebaseAuth */,
				F677C0F32C06BC0900552894 /* GoogleSignIn */,
				F677C0F52C06BC0900552894 /* GoogleSignInSwift */,
			);
			productName = Cortex;
			productReference = F695F4682AC10870004B2EFD /* Cortex.app */;
			productType = "com.apple.product-type.application";
		};
/* End PBXNativeTarget section */

/* Begin PBXProject section */
		F695F4602AC10870004B2EFD /* Project object */ = {
			isa = PBXProject;
			attributes = {
				BuildIndependentTargetsInParallel = 1;
				LastSwiftUpdateCheck = 1500;
				LastUpgradeCheck = 1500;
				TargetAttributes = {
					F695F4672AC10870004B2EFD = {
						CreatedOnToolsVersion = 15.0;
					};
				};
			};
			buildConfigurationList = F695F4632AC10870004B2EFD /* Build configuration list for PBXProject "Cortex" */;
			compatibilityVersion = "Xcode 14.0";
			developmentRegion = en;
			hasScannedForEncodings = 0;
			knownRegions = (
				en,
				Base,
			);
			mainGroup = F695F45F2AC10870004B2EFD;
			packageReferences = (
				F677C0DB2C05568A00552894 /* XCRemoteSwiftPackageReference "firebase-ios-sdk" */,
				F677C0F22C06BC0900552894 /* XCRemoteSwiftPackageReference "GoogleSignIn-iOS" */,
			);
			productRefGroup = F695F4692AC10870004B2EFD /* Products */;
			projectDirPath = "";
			projectRoot = "";
			targets = (
				F695F4672AC10870004B2EFD /* Cortex */,
			);
		};
/* End PBXProject section */

/* Begin PBXResourcesBuildPhase section */
		F695F4662AC10870004B2EFD /* Resources */ = {
			isa = PBXResourcesBuildPhase;
			buildActionMask = 2147483647;
			files = (
				F695F4752AC10871004B2EFD /* Preview Assets.xcassets in Resources */,
				F677C0F12C06BB3500552894 /* GoogleService-Info.plist in Resources */,
				F695F4722AC10871004B2EFD /* Assets.xcassets in Resources */,
			);
			runOnlyForDeploymentPostprocessing = 0;
		};
/* End PBXResourcesBuildPhase section */

/* Begin PBXSourcesBuildPhase section */
		F695F4642AC10870004B2EFD /* Sources */ = {
			isa = PBXSourcesBuildPhase;
			buildActionMask = 2147483647;
			files = (
				F677C0ED2C05856900552894 /* SignInEmailViewModel.swift in Sources */,
				F695F4812AC26A22004B2EFD /* ListView.swift in Sources */,
				F677C0EF2C06A08400552894 /* UpdateEmailView.swift in Sources */,
				F695F46E2AC10870004B2EFD /* ContentView.swift in Sources */,
				F671FD892ADCE0D500D9458E /* NotificationManager.swift in Sources */,
				F677C0EB2C05733400552894 /* SignedInView.swift in Sources */,
				F677C0F82C06C2D900552894 /* Ext+UIApplication.swift in Sources */,
				F6741CAD2BFBAD1A007EBBF2 /* Ext+Color.swift in Sources */,
				F671FD8D2ADD19CA00D9458E /* PomoView.swift in Sources */,
				F695F4852AC26F6F004B2EFD /* AddView.swift in Sources */,
				F671FD8F2ADDC9E800D9458E /* PomoViewModel.swift in Sources */,
				F695F4832AC26DA2004B2EFD /* ListRowView.swift in Sources */,
				F695F4882AC27C5D004B2EFD /* ItemModel.swift in Sources */,
				F677C0E42C0559E500552894 /* AccountView.swift in Sources */,
				F677C0E92C055CF200552894 /* AuthenticationManager.swift in Sources */,
				F671FD872ADC53D900D9458E /* EditListRowView.swift in Sources */,
				F671FD8B2ADD091C00D9458E /* MainMenuOptions.swift in Sources */,
				F67DAADF2B7060350096FD02 /* ListModel.swift in Sources */,
				F695F48B2AC34B27004B2EFD /* CortexViewModel.swift in Sources */,
				F677C0E72C055AEB00552894 /* SignInEmailView.swift in Sources */,
				F695F46C2AC10870004B2EFD /* CortexApp.swift in Sources */,
			);
			runOnlyForDeploymentPostprocessing = 0;
		};
/* End PBXSourcesBuildPhase section */

/* Begin XCBuildConfiguration section */
		F695F4762AC10871004B2EFD /* Debug */ = {
			isa = XCBuildConfiguration;
			buildSettings = {
				ALWAYS_SEARCH_USER_PATHS = NO;
				ASSETCATALOG_COMPILER_GENERATE_SWIFT_ASSET_SYMBOL_EXTENSIONS = YES;
				CLANG_ANALYZER_NONNULL = YES;
				CLANG_ANALYZER_NUMBER_OBJECT_CONVERSION = YES_AGGRESSIVE;
				CLANG_CXX_LANGUAGE_STANDARD = "gnu++20";
				CLANG_ENABLE_MODULES = YES;
				CLANG_ENABLE_OBJC_ARC = YES;
				CLANG_ENABLE_OBJC_WEAK = YES;
				CLANG_WARN_BLOCK_CAPTURE_AUTORELEASING = YES;
				CLANG_WARN_BOOL_CONVERSION = YES;
				CLANG_WARN_COMMA = YES;
				CLANG_WARN_CONSTANT_CONVERSION = YES;
				CLANG_WARN_DEPRECATED_OBJC_IMPLEMENTATIONS = YES;
				CLANG_WARN_DIRECT_OBJC_ISA_USAGE = YES_ERROR;
				CLANG_WARN_DOCUMENTATION_COMMENTS = YES;
				CLANG_WARN_EMPTY_BODY = YES;
				CLANG_WARN_ENUM_CONVERSION = YES;
				CLANG_WARN_INFINITE_RECURSION = YES;
				CLANG_WARN_INT_CONVERSION = YES;
				CLANG_WARN_NON_LITERAL_NULL_CONVERSION = YES;
				CLANG_WARN_OBJC_IMPLICIT_RETAIN_SELF = YES;
				CLANG_WARN_OBJC_LITERAL_CONVERSION = YES;
				CLANG_WARN_OBJC_ROOT_CLASS = YES_ERROR;
				CLANG_WARN_QUOTED_INCLUDE_IN_FRAMEWORK_HEADER = YES;
				CLANG_WARN_RANGE_LOOP_ANALYSIS = YES;
				CLANG_WARN_STRICT_PROTOTYPES = YES;
				CLANG_WARN_SUSPICIOUS_MOVE = YES;
				CLANG_WARN_UNGUARDED_AVAILABILITY = YES_AGGRESSIVE;
				CLANG_WARN_UNREACHABLE_CODE = YES;
				CLANG_WARN__DUPLICATE_METHOD_MATCH = YES;
				COPY_PHASE_STRIP = NO;
				DEBUG_INFORMATION_FORMAT = dwarf;
				ENABLE_STRICT_OBJC_MSGSEND = YES;
				ENABLE_TESTABILITY = YES;
				ENABLE_USER_SCRIPT_SANDBOXING = YES;
				GCC_C_LANGUAGE_STANDARD = gnu17;
				GCC_DYNAMIC_NO_PIC = NO;
				GCC_NO_COMMON_BLOCKS = YES;
				GCC_OPTIMIZATION_LEVEL = 0;
				GCC_PREPROCESSOR_DEFINITIONS = (
					"DEBUG=1",
					"$(inherited)",
				);
				GCC_WARN_64_TO_32_BIT_CONVERSION = YES;
				GCC_WARN_ABOUT_RETURN_TYPE = YES_ERROR;
				GCC_WARN_UNDECLARED_SELECTOR = YES;
				GCC_WARN_UNINITIALIZED_AUTOS = YES_AGGRESSIVE;
				GCC_WARN_UNUSED_FUNCTION = YES;
				GCC_WARN_UNUSED_VARIABLE = YES;
				IPHONEOS_DEPLOYMENT_TARGET = 17.0;
				LOCALIZATION_PREFERS_STRING_CATALOGS = YES;
				MTL_ENABLE_DEBUG_INFO = INCLUDE_SOURCE;
				MTL_FAST_MATH = YES;
				ONLY_ACTIVE_ARCH = YES;
				SDKROOT = iphoneos;
				SWIFT_ACTIVE_COMPILATION_CONDITIONS = "DEBUG $(inherited)";
				SWIFT_OPTIMIZATION_LEVEL = "-Onone";
			};
			name = Debug;
		};
		F695F4772AC10871004B2EFD /* Release */ = {
			isa = XCBuildConfiguration;
			buildSettings = {
				ALWAYS_SEARCH_USER_PATHS = NO;
				ASSETCATALOG_COMPILER_GENERATE_SWIFT_ASSET_SYMBOL_EXTENSIONS = YES;
				CLANG_ANALYZER_NONNULL = YES;
				CLANG_ANALYZER_NUMBER_OBJECT_CONVERSION = YES_AGGRESSIVE;
				CLANG_CXX_LANGUAGE_STANDARD = "gnu++20";
				CLANG_ENABLE_MODULES = YES;
				CLANG_ENABLE_OBJC_ARC = YES;
				CLANG_ENABLE_OBJC_WEAK = YES;
				CLANG_WARN_BLOCK_CAPTURE_AUTORELEASING = YES;
				CLANG_WARN_BOOL_CONVERSION = YES;
				CLANG_WARN_COMMA = YES;
				CLANG_WARN_CONSTANT_CONVERSION = YES;
				CLANG_WARN_DEPRECATED_OBJC_IMPLEMENTATIONS = YES;
				CLANG_WARN_DIRECT_OBJC_ISA_USAGE = YES_ERROR;
				CLANG_WARN_DOCUMENTATION_COMMENTS = YES;
				CLANG_WARN_EMPTY_BODY = YES;
				CLANG_WARN_ENUM_CONVERSION = YES;
				CLANG_WARN_INFINITE_RECURSION = YES;
				CLANG_WARN_INT_CONVERSION = YES;
				CLANG_WARN_NON_LITERAL_NULL_CONVERSION = YES;
				CLANG_WARN_OBJC_IMPLICIT_RETAIN_SELF = YES;
				CLANG_WARN_OBJC_LITERAL_CONVERSION = YES;
				CLANG_WARN_OBJC_ROOT_CLASS = YES_ERROR;
				CLANG_WARN_QUOTED_INCLUDE_IN_FRAMEWORK_HEADER = YES;
				CLANG_WARN_RANGE_LOOP_ANALYSIS = YES;
				CLANG_WARN_STRICT_PROTOTYPES = YES;
				CLANG_WARN_SUSPICIOUS_MOVE = YES;
				CLANG_WARN_UNGUARDED_AVAILABILITY = YES_AGGRESSIVE;
				CLANG_WARN_UNREACHABLE_CODE = YES;
				CLANG_WARN__DUPLICATE_METHOD_MATCH = YES;
				COPY_PHASE_STRIP = NO;
				DEBUG_INFORMATION_FORMAT = "dwarf-with-dsym";
				ENABLE_NS_ASSERTIONS = NO;
				ENABLE_STRICT_OBJC_MSGSEND = YES;
				ENABLE_USER_SCRIPT_SANDBOXING = YES;
				GCC_C_LANGUAGE_STANDARD = gnu17;
				GCC_NO_COMMON_BLOCKS = YES;
				GCC_WARN_64_TO_32_BIT_CONVERSION = YES;
				GCC_WARN_ABOUT_RETURN_TYPE = YES_ERROR;
				GCC_WARN_UNDECLARED_SELECTOR = YES;
				GCC_WARN_UNINITIALIZED_AUTOS = YES_AGGRESSIVE;
				GCC_WARN_UNUSED_FUNCTION = YES;
				GCC_WARN_UNUSED_VARIABLE = YES;
				IPHONEOS_DEPLOYMENT_TARGET = 17.0;
				LOCALIZATION_PREFERS_STRING_CATALOGS = YES;
				MTL_ENABLE_DEBUG_INFO = NO;
				MTL_FAST_MATH = YES;
				SDKROOT = iphoneos;
				SWIFT_COMPILATION_MODE = wholemodule;
				VALIDATE_PRODUCT = YES;
			};
			name = Release;
		};
		F695F4792AC10871004B2EFD /* Debug */ = {
			isa = XCBuildConfiguration;
			buildSettings = {
				ASSETCATALOG_COMPILER_APPICON_NAME = AppIcon;
				ASSETCATALOG_COMPILER_GLOBAL_ACCENT_COLOR_NAME = AccentColor;
				CODE_SIGN_IDENTITY = "Apple Development";
				CODE_SIGN_STYLE = Automatic;
				CURRENT_PROJECT_VERSION = 1;
				DEVELOPMENT_ASSET_PATHS = "\"Cortex/Preview Content\"";
				DEVELOPMENT_TEAM = 8Y28UR94RA;
				ENABLE_PREVIEWS = YES;
				GENERATE_INFOPLIST_FILE = YES;
				INFOPLIST_FILE = Cortex/Info.plist;
				INFOPLIST_KEY_CFBundleDisplayName = "Cortex - Tasks";
				INFOPLIST_KEY_LSApplicationCategoryType = "public.app-category.productivity";
				INFOPLIST_KEY_UIApplicationSceneManifest_Generation = YES;
				INFOPLIST_KEY_UIApplicationSupportsIndirectInputEvents = YES;
				INFOPLIST_KEY_UILaunchScreen_Generation = YES;
				INFOPLIST_KEY_UISupportedInterfaceOrientations_iPad = "UIInterfaceOrientationPortrait UIInterfaceOrientationPortraitUpsideDown UIInterfaceOrientationLandscapeLeft UIInterfaceOrientationLandscapeRight";
				INFOPLIST_KEY_UISupportedInterfaceOrientations_iPhone = "UIInterfaceOrientationPortrait UIInterfaceOrientationLandscapeLeft UIInterfaceOrientationLandscapeRight";
				LD_RUNPATH_SEARCH_PATHS = (
					"$(inherited)",
					"@executable_path/Frameworks",
				);
				MARKETING_VERSION = 1.0;
				PRODUCT_BUNDLE_IDENTIFIER = com.sravan.Cortex;
				PRODUCT_NAME = "$(TARGET_NAME)";
				PROVISIONING_PROFILE_SPECIFIER = "";
				SWIFT_EMIT_LOC_STRINGS = YES;
				SWIFT_VERSION = 5.0;
				TARGETED_DEVICE_FAMILY = "1,2";
			};
			name = Debug;
		};
		F695F47A2AC10871004B2EFD /* Release */ = {
			isa = XCBuildConfiguration;
			buildSettings = {
				ASSETCATALOG_COMPILER_APPICON_NAME = AppIcon;
				ASSETCATALOG_COMPILER_GLOBAL_ACCENT_COLOR_NAME = AccentColor;
				CODE_SIGN_IDENTITY = "Apple Development";
				CODE_SIGN_STYLE = Automatic;
				CURRENT_PROJECT_VERSION = 1;
				DEVELOPMENT_ASSET_PATHS = "\"Cortex/Preview Content\"";
				DEVELOPMENT_TEAM = 8Y28UR94RA;
				ENABLE_PREVIEWS = YES;
				GENERATE_INFOPLIST_FILE = YES;
				INFOPLIST_FILE = Cortex/Info.plist;
				INFOPLIST_KEY_CFBundleDisplayName = "Cortex - Tasks";
				INFOPLIST_KEY_LSApplicationCategoryType = "public.app-category.productivity";
				INFOPLIST_KEY_UIApplicationSceneManifest_Generation = YES;
				INFOPLIST_KEY_UIApplicationSupportsIndirectInputEvents = YES;
				INFOPLIST_KEY_UILaunchScreen_Generation = YES;
				INFOPLIST_KEY_UISupportedInterfaceOrientations_iPad = "UIInterfaceOrientationPortrait UIInterfaceOrientationPortraitUpsideDown UIInterfaceOrientationLandscapeLeft UIInterfaceOrientationLandscapeRight";
				INFOPLIST_KEY_UISupportedInterfaceOrientations_iPhone = "UIInterfaceOrientationPortrait UIInterfaceOrientationLandscapeLeft UIInterfaceOrientationLandscapeRight";
				LD_RUNPATH_SEARCH_PATHS = (
					"$(inherited)",
					"@executable_path/Frameworks",
				);
				MARKETING_VERSION = 1.0;
				PRODUCT_BUNDLE_IDENTIFIER = com.sravan.Cortex;
				PRODUCT_NAME = "$(TARGET_NAME)";
				PROVISIONING_PROFILE_SPECIFIER = "";
				SWIFT_EMIT_LOC_STRINGS = YES;
				SWIFT_VERSION = 5.0;
				TARGETED_DEVICE_FAMILY = "1,2";
			};
			name = Release;
		};
/* End XCBuildConfiguration section */

/* Begin XCConfigurationList section */
		F695F4632AC10870004B2EFD /* Build configuration list for PBXProject "Cortex" */ = {
			isa = XCConfigurationList;
			buildConfigurations = (
				F695F4762AC10871004B2EFD /* Debug */,
				F695F4772AC10871004B2EFD /* Release */,
			);
			defaultConfigurationIsVisible = 0;
			defaultConfigurationName = Release;
		};
		F695F4782AC10871004B2EFD /* Build configuration list for PBXNativeTarget "Cortex" */ = {
			isa = XCConfigurationList;
			buildConfigurations = (
				F695F4792AC10871004B2EFD /* Debug */,
				F695F47A2AC10871004B2EFD /* Release */,
			);
			defaultConfigurationIsVisible = 0;
			defaultConfigurationName = Release;
		};
/* End XCConfigurationList section */

/* Begin XCRemoteSwiftPackageReference section */
		F677C0DB2C05568A00552894 /* XCRemoteSwiftPackageReference "firebase-ios-sdk" */ = {
			isa = XCRemoteSwiftPackageReference;
			repositoryURL = "https://github.com/firebase/firebase-ios-sdk";
			requirement = {
				kind = upToNextMajorVersion;
				minimumVersion = 10.26.0;
			};
		};
		F677C0F22C06BC0900552894 /* XCRemoteSwiftPackageReference "GoogleSignIn-iOS" */ = {
			isa = XCRemoteSwiftPackageReference;
			repositoryURL = "https://github.com/google/GoogleSignIn-iOS.git";
			requirement = {
				kind = upToNextMajorVersion;
				minimumVersion = 7.1.0;
			};
		};
/* End XCRemoteSwiftPackageReference section */

/* Begin XCSwiftPackageProductDependency section */
		F677C0DC2C05568A00552894 /* FirebaseAnalytics */ = {
			isa = XCSwiftPackageProductDependency;
			package = F677C0DB2C05568A00552894 /* XCRemoteSwiftPackageReference "firebase-ios-sdk" */;
			productName = FirebaseAnalytics;
		};
		F677C0DE2C05568A00552894 /* FirebaseAnalyticsSwift */ = {
			isa = XCSwiftPackageProductDependency;
			package = F677C0DB2C05568A00552894 /* XCRemoteSwiftPackageReference "firebase-ios-sdk" */;
			productName = FirebaseAnalyticsSwift;
		};
		F677C0E12C05598700552894 /* FirebaseAuth */ = {
			isa = XCSwiftPackageProductDependency;
			package = F677C0DB2C05568A00552894 /* XCRemoteSwiftPackageReference "firebase-ios-sdk" */;
			productName = FirebaseAuth;
		};
		F677C0F32C06BC0900552894 /* GoogleSignIn */ = {
			isa = XCSwiftPackageProductDependency;
			package = F677C0F22C06BC0900552894 /* XCRemoteSwiftPackageReference "GoogleSignIn-iOS" */;
			productName = GoogleSignIn;
		};
		F677C0F52C06BC0900552894 /* GoogleSignInSwift */ = {
			isa = XCSwiftPackageProductDependency;
			package = F677C0F22C06BC0900552894 /* XCRemoteSwiftPackageReference "GoogleSignIn-iOS" */;
			productName = GoogleSignInSwift;
		};
/* End XCSwiftPackageProductDependency section */
	};
	rootObject = F695F4602AC10870004B2EFD /* Project object */;
}
